
Microsoft Visual Studio Solution File, Format Version 12.00
# Visual Studio Version 16
VisualStudioVersion = 16.0.31727.386
MinimumVisualStudioVersion = 10.0.40219.1
Project("{8BC9CEB8-8B4A-11D0-8D11-00A0C91BC942}") = "cpp_shellexec", "cpp_shellexec\cpp_shellexec.vcxproj", "{06A5B610-0ADB-44A9-B415-43CC126B2CDE}"
EndProject
Global
	GlobalSection(SolutionConfigurationPlatforms) = preSolution
		Debug|x64 = Debug|x64
		Debug|x86 = Debug|x86
		Release|x64 = Release|x64
		Release|x86 = Release|x86
	EndGlobalSection
	GlobalSection(ProjectConfigurationPlatforms) = postSolution
		{06A5B610-0ADB-44A9-B415-43CC126B2CDE}.Debug|x64.ActiveCfg = Debug|x64
		{06A5B610-0ADB-44A9-B415-43CC126B2CDE}.Debug|x64.Build.0 = Debug|x64
		{06A5B610-0ADB-44A9-B415-43CC126B2CDE}.Debug|x86.ActiveCfg = Debug|Win32
		{06A5B610-0ADB-44A9-B415-43CC126B2CDE}.Debug|x86.Build.0 = Debug|Win32
		{06A5B610-0ADB-44A9-B415-43CC126B2CDE}.Release|x64.ActiveCfg = Release|x64
		{06A5B610-0ADB-44A9-B415-43CC126B2CDE}.Release|x64.Build.0 = Release|x64
		{06A5B610-0ADB-44A9-B415-43CC126B2CDE}.Release|x86.ActiveCfg = Release|Win32
		{06A5B610-0ADB-44A9-B415-43CC126B2CDE}.Release|x86.Build.0 = Release|Win32
	EndGlobalSection
	GlobalSection(SolutionProperties) = preSolution
		HideSolutionNode = FALSE
	EndGlobalSection
	GlobalSection(ExtensibilityGlobals) = postSolution
		SolutionGuid = {6412E1E1-C8D3-47E9-A395-1BE8004C1D3A}
	EndGlobalSection
EndGlobal
